#
# This file is autogenerated by pip-compile with Python 3.14
# by the following command:
#
#    pip-compile --output-file=services/worker/requirements.lock services/worker/requirements.in
#
certifi==2025.11.12
    # via requests
charset-normalizer==3.4.4
    # via requests
googleapis-common-protos==1.72.0
    # via opentelemetry-exporter-otlp-proto-http
idna==3.11
    # via requests
importlib-metadata==8.7.1
    # via opentelemetry-api
opentelemetry-api==1.39.1
    # via
    #   opentelemetry-exporter-otlp-proto-http
    #   opentelemetry-sdk
    #   opentelemetry-semantic-conventions
opentelemetry-exporter-otlp-proto-common==1.39.1
    # via opentelemetry-exporter-otlp-proto-http
opentelemetry-exporter-otlp-proto-http==1.39.1
    # via -r services/worker/requirements.in
opentelemetry-proto==1.39.1
    # via
    #   opentelemetry-exporter-otlp-proto-common
    #   opentelemetry-exporter-otlp-proto-http
opentelemetry-sdk==1.39.1
    # via
    #   -r services/worker/requirements.in
    #   opentelemetry-exporter-otlp-proto-http
opentelemetry-semantic-conventions==0.60b1
    # via opentelemetry-sdk
prometheus-client==0.23.1
    # via -r services/worker/requirements.in
protobuf==6.33.2
    # via
    #   googleapis-common-protos
    #   opentelemetry-proto
python-dotenv==1.2.1
    # via -r services/worker/requirements.in
redis==7.1.0
    # via -r services/worker/requirements.in
requests==2.32.5
    # via opentelemetry-exporter-otlp-proto-http
typing-extensions==4.15.0
    # via
    #   opentelemetry-api
    #   opentelemetry-exporter-otlp-proto-http
    #   opentelemetry-sdk
    #   opentelemetry-semantic-conventions
urllib3==2.6.2
    # via requests
zipp==3.23.0
    # via importlib-metadata
