#
# This file is autogenerated by pip-compile with Python 3.14
# by the following command:
#
#    pip-compile --output-file=services/api/requirements.lock services/api/requirements.in
#
annotated-doc==0.0.4
    # via fastapi
annotated-types==0.7.0
    # via pydantic
anyio==4.12.0
    # via
    #   starlette
    #   watchfiles
click==8.3.1
    # via uvicorn
fastapi==0.128.0
    # via -r services/api/requirements.in
h11==0.16.0
    # via uvicorn
httptools==0.7.1
    # via uvicorn
idna==3.11
    # via anyio
pydantic==2.12.5
    # via fastapi
pydantic-core==2.41.5
    # via pydantic
python-dotenv==1.2.1
    # via
    #   -r services/api/requirements.in
    #   uvicorn
python-multipart==0.0.21
    # via -r services/api/requirements.in
pyyaml==6.0.3
    # via uvicorn
redis==7.1.0
    # via -r services/api/requirements.in
starlette==0.50.0
    # via fastapi
typing-extensions==4.15.0
    # via
    #   fastapi
    #   pydantic
    #   pydantic-core
    #   typing-inspection
typing-inspection==0.4.2
    # via pydantic
uvicorn[standard]==0.40.0
    # via -r services/api/requirements.in
uvloop==0.22.1
    # via uvicorn
watchfiles==1.1.1
    # via uvicorn
websockets==15.0.1
    # via uvicorn
