#
# This file is autogenerated by pip-compile with Python 3.14
# by the following command:
#
#    pip-compile --output-file=libs/contracts/requirements.lock libs/contracts/requirements.in
#
annotated-types==0.7.0
    # via pydantic
pydantic==2.12.5
    # via -r libs/contracts/requirements.in
pydantic-core==2.41.5
    # via pydantic
typing-extensions==4.15.0
    # via
    #   pydantic
    #   pydantic-core
    #   typing-inspection
typing-inspection==0.4.2
    # via pydantic
